<?xml version="1.0" encoding="utf-8"?>
<Project ToolsVersion="4.0" xmlns="http://schemas.microsoft.com/developer/msbuild/2003">
  <ItemGroup>
    <Filter Include="Исходные файлы">
      <UniqueIdentifier>{4FC737F1-C7A5-4376-A066-2A32D752A2FF}</UniqueIdentifier>
      <Extensions>cpp;c;cc;cxx;c++;cppm;ixx;def;odl;idl;hpj;bat;asm;asmx</Extensions>
    </Filter>
    <Filter Include="Файлы заголовков">
      <UniqueIdentifier>{93995380-89BD-4b04-88EB-625FBE52EBFB}</UniqueIdentifier>
      <Extensions>h;hh;hpp;hxx;h++;hm;inl;inc;ipp;xsd</Extensions>
    </Filter>
    <Filter Include="Файлы ресурсов">
      <UniqueIdentifier>{67DA6AB6-F800-4c08-8B7A-83BB121AAD01}</UniqueIdentifier>
      <Extensions>rc;ico;cur;bmp;dlg;rc2;rct;bin;rgs;gif;jpg;jpeg;jpe;resx;tiff;tif;png;wav;mfcribbon-ms</Extensions>
    </Filter>
    <Filter Include="Файлы заголовков\List">
      <UniqueIdentifier>{bbf80236-86f6-4ee4-8d86-574a3ff3df76}</UniqueIdentifier>
    </Filter>
    <Filter Include="Файлы заголовков\libraries">
      <UniqueIdentifier>{be1926fc-e052-4b77-a230-2fe9d8a75ebb}</UniqueIdentifier>
    </Filter>
    <Filter Include="Файлы заголовков\sign">
      <UniqueIdentifier>{eb376952-2035-47e8-9d76-8c263587cdc9}</UniqueIdentifier>
    </Filter>
    <Filter Include="Файлы заголовков\Pair">
      <UniqueIdentifier>{2a172848-61ca-4ebb-8583-c61a4719768c}</UniqueIdentifier>
    </Filter>
  </ItemGroup>
  <ItemGroup>
    <ClCompile Include="lab2.cpp">
      <Filter>Исходные файлы</Filter>
    </ClCompile>
    <ClCompile Include="Sign.cpp">
      <Filter>Файлы ресурсов</Filter>
    </ClCompile>
  </ItemGroup>
  <ItemGroup>
    <ClInclude Include="List.h">
      <Filter>Файлы заголовков\List</Filter>
    </ClInclude>
    <ClInclude Include="Element.h">
      <Filter>Файлы заголовков\List</Filter>
    </ClInclude>
    <ClInclude Include="Element.inl">
      <Filter>Файлы заголовков\List</Filter>
    </ClInclude>
    <ClInclude Include="List.inl">
      <Filter>Файлы заголовков\List</Filter>
    </ClInclude>
    <ClInclude Include="Libraries.h">
      <Filter>Файлы заголовков\libraries</Filter>
    </ClInclude>
    <ClInclude Include="Menu.h">
      <Filter>Файлы заголовков\libraries</Filter>
    </ClInclude>
    <ClInclude Include="SignProject.h">
      <Filter>Файлы заголовков\libraries</Filter>
    </ClInclude>
    <ClInclude Include="Zodiac.h">
      <Filter>Файлы заголовков\sign</Filter>
    </ClInclude>
    <ClInclude Include="Sign.h">
      <Filter>Файлы заголовков\sign</Filter>
    </ClInclude>
    <ClInclude Include="FileProject.h">
      <Filter>Файлы заголовков\libraries</Filter>
    </ClInclude>
    <ClInclude Include="Pair.h">
      <Filter>Файлы заголовков\Pair</Filter>
    </ClInclude>
    <ClInclude Include="Pair.inl">
      <Filter>Файлы заголовков\Pair</Filter>
    </ClInclude>
  </ItemGroup>
  <ItemGroup>
    <None Include=".gitignore" />
  </ItemGroup>
</Project>